
Microsoft Visual Studio Solution File, Format Version 12.00
# Visual Studio Version 17
VisualStudioVersion = 17.0.31903.59
MinimumVisualStudioVersion = 10.0.40219.1
Project("{2150E333-8FDC-42A3-9474-1A3956D46DE8}") = "src", "src", "{827E0CD3-B72D-47B6-A68D-7590B98EB39B}"
EndProject
Project("{FAE04EC0-301F-11D3-BF4B-00C04F79EFBC}") = "WowzaV2Client", "src\WowzaV2Client\WowzaV2Client.csproj", "{603E4354-33F8-40B3-8331-090B58D158D3}"
EndProject
Project("{FAE04EC0-301F-11D3-BF4B-00C04F79EFBC}") = "WowzaV2Client.Tests", "src\WowzaV2Client.Tests\WowzaV2Client.Tests.csproj", "{055E7268-0EFD-4E11-A1D0-81A9C3164479}"
EndProject
Global
	GlobalSection(SolutionConfigurationPlatforms) = preSolution
		Debug|Any CPU = Debug|Any CPU
		Debug|x64 = Debug|x64
		Debug|x86 = Debug|x86
		Release|Any CPU = Release|Any CPU
		Release|x64 = Release|x64
		Release|x86 = Release|x86
	EndGlobalSection
	GlobalSection(ProjectConfigurationPlatforms) = postSolution
		{603E4354-33F8-40B3-8331-090B58D158D3}.Debug|Any CPU.ActiveCfg = Debug|Any CPU
		{603E4354-33F8-40B3-8331-090B58D158D3}.Debug|Any CPU.Build.0 = Debug|Any CPU
		{603E4354-33F8-40B3-8331-090B58D158D3}.Debug|x64.ActiveCfg = Debug|Any CPU
		{603E4354-33F8-40B3-8331-090B58D158D3}.Debug|x64.Build.0 = Debug|Any CPU
		{603E4354-33F8-40B3-8331-090B58D158D3}.Debug|x86.ActiveCfg = Debug|Any CPU
		{603E4354-33F8-40B3-8331-090B58D158D3}.Debug|x86.Build.0 = Debug|Any CPU
		{603E4354-33F8-40B3-8331-090B58D158D3}.Release|Any CPU.ActiveCfg = Release|Any CPU
		{603E4354-33F8-40B3-8331-090B58D158D3}.Release|Any CPU.Build.0 = Release|Any CPU
		{603E4354-33F8-40B3-8331-090B58D158D3}.Release|x64.ActiveCfg = Release|Any CPU
		{603E4354-33F8-40B3-8331-090B58D158D3}.Release|x64.Build.0 = Release|Any CPU
		{603E4354-33F8-40B3-8331-090B58D158D3}.Release|x86.ActiveCfg = Release|Any CPU
		{603E4354-33F8-40B3-8331-090B58D158D3}.Release|x86.Build.0 = Release|Any CPU
		{055E7268-0EFD-4E11-A1D0-81A9C3164479}.Debug|Any CPU.ActiveCfg = Debug|Any CPU
		{055E7268-0EFD-4E11-A1D0-81A9C3164479}.Debug|Any CPU.Build.0 = Debug|Any CPU
		{055E7268-0EFD-4E11-A1D0-81A9C3164479}.Debug|x64.ActiveCfg = Debug|Any CPU
		{055E7268-0EFD-4E11-A1D0-81A9C3164479}.Debug|x64.Build.0 = Debug|Any CPU
		{055E7268-0EFD-4E11-A1D0-81A9C3164479}.Debug|x86.ActiveCfg = Debug|Any CPU
		{055E7268-0EFD-4E11-A1D0-81A9C3164479}.Debug|x86.Build.0 = Debug|Any CPU
		{055E7268-0EFD-4E11-A1D0-81A9C3164479}.Release|Any CPU.ActiveCfg = Release|Any CPU
		{055E7268-0EFD-4E11-A1D0-81A9C3164479}.Release|Any CPU.Build.0 = Release|Any CPU
		{055E7268-0EFD-4E11-A1D0-81A9C3164479}.Release|x64.ActiveCfg = Release|Any CPU
		{055E7268-0EFD-4E11-A1D0-81A9C3164479}.Release|x64.Build.0 = Release|Any CPU
		{055E7268-0EFD-4E11-A1D0-81A9C3164479}.Release|x86.ActiveCfg = Release|Any CPU
		{055E7268-0EFD-4E11-A1D0-81A9C3164479}.Release|x86.Build.0 = Release|Any CPU
	EndGlobalSection
	GlobalSection(SolutionProperties) = preSolution
		HideSolutionNode = FALSE
	EndGlobalSection
	GlobalSection(NestedProjects) = preSolution
		{603E4354-33F8-40B3-8331-090B58D158D3} = {827E0CD3-B72D-47B6-A68D-7590B98EB39B}
		{055E7268-0EFD-4E11-A1D0-81A9C3164479} = {827E0CD3-B72D-47B6-A68D-7590B98EB39B}
	EndGlobalSection
EndGlobal
